
Microsoft Visual Studio Solution File, Format Version 12.00
# Visual Studio Version 16
VisualStudioVersion = 16.0.29509.3
MinimumVisualStudioVersion = 10.0.40219.1
Project("{FAE04EC0-301F-11D3-BF4B-00C04F79EFBC}") = "ExercicioResolvido13", "ExercicioResolvido13\ExercicioResolvido13.csproj", "{955D8FB6-D2F3-4DA5-8733-DCD73BC4A88F}"
EndProject
Global
	GlobalSection(SolutionConfigurationPlatforms) = preSolution
		Debug|Any CPU = Debug|Any CPU
		Release|Any CPU = Release|Any CPU
	EndGlobalSection
	GlobalSection(ProjectConfigurationPlatforms) = postSolution
		{955D8FB6-D2F3-4DA5-8733-DCD73BC4A88F}.Debug|Any CPU.ActiveCfg = Debug|Any CPU
		{955D8FB6-D2F3-4DA5-8733-DCD73BC4A88F}.Debug|Any CPU.Build.0 = Debug|Any CPU
		{955D8FB6-D2F3-4DA5-8733-DCD73BC4A88F}.Release|Any CPU.ActiveCfg = Release|Any CPU
		{955D8FB6-D2F3-4DA5-8733-DCD73BC4A88F}.Release|Any CPU.Build.0 = Release|Any CPU
	EndGlobalSection
	GlobalSection(SolutionProperties) = preSolution
		HideSolutionNode = FALSE
	EndGlobalSection
	GlobalSection(ExtensibilityGlobals) = postSolution
		SolutionGuid = {39B128E9-86B8-41C7-81CD-BD30EDDD8FE5}
	EndGlobalSection
EndGlobal
