
Microsoft Visual Studio Solution File, Format Version 12.00
# Visual Studio Version 16
VisualStudioVersion = 16.0.29509.3
MinimumVisualStudioVersion = 10.0.40219.1
Project("{FAE04EC0-301F-11D3-BF4B-00C04F79EFBC}") = "OperadorDeAtribuicaoCumulativa", "OperadorDeAtribuicaoCumulativa\OperadorDeAtribuicaoCumulativa.csproj", "{2103E839-B444-4D5A-823A-AFF610D93B8E}"
EndProject
Global
	GlobalSection(SolutionConfigurationPlatforms) = preSolution
		Debug|Any CPU = Debug|Any CPU
		Release|Any CPU = Release|Any CPU
	EndGlobalSection
	GlobalSection(ProjectConfigurationPlatforms) = postSolution
		{2103E839-B444-4D5A-823A-AFF610D93B8E}.Debug|Any CPU.ActiveCfg = Debug|Any CPU
		{2103E839-B444-4D5A-823A-AFF610D93B8E}.Debug|Any CPU.Build.0 = Debug|Any CPU
		{2103E839-B444-4D5A-823A-AFF610D93B8E}.Release|Any CPU.ActiveCfg = Release|Any CPU
		{2103E839-B444-4D5A-823A-AFF610D93B8E}.Release|Any CPU.Build.0 = Release|Any CPU
	EndGlobalSection
	GlobalSection(SolutionProperties) = preSolution
		HideSolutionNode = FALSE
	EndGlobalSection
	GlobalSection(ExtensibilityGlobals) = postSolution
		SolutionGuid = {B64F4E59-2F6B-4EF9-BBD6-3E4F872F3A59}
	EndGlobalSection
EndGlobal
