
Microsoft Visual Studio Solution File, Format Version 12.00
# Visual Studio Version 16
VisualStudioVersion = 16.0.29509.3
MinimumVisualStudioVersion = 10.0.40219.1
Project("{FAE04EC0-301F-11D3-BF4B-00C04F79EFBC}") = "ExercicioUri", "ExercicioUri\ExercicioUri.csproj", "{76C7ADB7-A2D0-47FF-A611-BCE1C846D42A}"
EndProject
Global
	GlobalSection(SolutionConfigurationPlatforms) = preSolution
		Debug|Any CPU = Debug|Any CPU
		Release|Any CPU = Release|Any CPU
	EndGlobalSection
	GlobalSection(ProjectConfigurationPlatforms) = postSolution
		{76C7ADB7-A2D0-47FF-A611-BCE1C846D42A}.Debug|Any CPU.ActiveCfg = Debug|Any CPU
		{76C7ADB7-A2D0-47FF-A611-BCE1C846D42A}.Debug|Any CPU.Build.0 = Debug|Any CPU
		{76C7ADB7-A2D0-47FF-A611-BCE1C846D42A}.Release|Any CPU.ActiveCfg = Release|Any CPU
		{76C7ADB7-A2D0-47FF-A611-BCE1C846D42A}.Release|Any CPU.Build.0 = Release|Any CPU
	EndGlobalSection
	GlobalSection(SolutionProperties) = preSolution
		HideSolutionNode = FALSE
	EndGlobalSection
	GlobalSection(ExtensibilityGlobals) = postSolution
		SolutionGuid = {00883717-BF86-4F6E-9B15-A7F2AFA0AC2F}
	EndGlobalSection
EndGlobal
