
Microsoft Visual Studio Solution File, Format Version 12.00
# Visual Studio Version 16
VisualStudioVersion = 16.0.29509.3
MinimumVisualStudioVersion = 10.0.40219.1
Project("{FAE04EC0-301F-11D3-BF4B-00C04F79EFBC}") = "ExercicioResolvido07", "ExercicioResolvido07\ExercicioResolvido07.csproj", "{EB7FB3B1-8CA7-4314-80F5-CAE99D7EFEEC}"
EndProject
Global
	GlobalSection(SolutionConfigurationPlatforms) = preSolution
		Debug|Any CPU = Debug|Any CPU
		Release|Any CPU = Release|Any CPU
	EndGlobalSection
	GlobalSection(ProjectConfigurationPlatforms) = postSolution
		{EB7FB3B1-8CA7-4314-80F5-CAE99D7EFEEC}.Debug|Any CPU.ActiveCfg = Debug|Any CPU
		{EB7FB3B1-8CA7-4314-80F5-CAE99D7EFEEC}.Debug|Any CPU.Build.0 = Debug|Any CPU
		{EB7FB3B1-8CA7-4314-80F5-CAE99D7EFEEC}.Release|Any CPU.ActiveCfg = Release|Any CPU
		{EB7FB3B1-8CA7-4314-80F5-CAE99D7EFEEC}.Release|Any CPU.Build.0 = Release|Any CPU
	EndGlobalSection
	GlobalSection(SolutionProperties) = preSolution
		HideSolutionNode = FALSE
	EndGlobalSection
	GlobalSection(ExtensibilityGlobals) = postSolution
		SolutionGuid = {FBF8C99B-9D44-470B-A300-FD3709F8BDCC}
	EndGlobalSection
EndGlobal
