
Microsoft Visual Studio Solution File, Format Version 12.00
# Visual Studio Version 16
VisualStudioVersion = 16.0.29509.3
MinimumVisualStudioVersion = 10.0.40219.1
Project("{FAE04EC0-301F-11D3-BF4B-00C04F79EFBC}") = "ExercicioUri1113Resolvido", "ExercicioUri1113Resolvido\ExercicioUri1113Resolvido.csproj", "{7E12E6CD-1E5C-43D6-8C95-1D29CD177A70}"
EndProject
Global
	GlobalSection(SolutionConfigurationPlatforms) = preSolution
		Debug|Any CPU = Debug|Any CPU
		Release|Any CPU = Release|Any CPU
	EndGlobalSection
	GlobalSection(ProjectConfigurationPlatforms) = postSolution
		{7E12E6CD-1E5C-43D6-8C95-1D29CD177A70}.Debug|Any CPU.ActiveCfg = Debug|Any CPU
		{7E12E6CD-1E5C-43D6-8C95-1D29CD177A70}.Debug|Any CPU.Build.0 = Debug|Any CPU
		{7E12E6CD-1E5C-43D6-8C95-1D29CD177A70}.Release|Any CPU.ActiveCfg = Release|Any CPU
		{7E12E6CD-1E5C-43D6-8C95-1D29CD177A70}.Release|Any CPU.Build.0 = Release|Any CPU
	EndGlobalSection
	GlobalSection(SolutionProperties) = preSolution
		HideSolutionNode = FALSE
	EndGlobalSection
	GlobalSection(ExtensibilityGlobals) = postSolution
		SolutionGuid = {CA3A89B5-353E-4D6F-B71D-EAD24EDF54E9}
	EndGlobalSection
EndGlobal
